hash: ac7a1031e16f4be2fbed11c997aff58c1de32e50fef17043124b75d71f191f22
updated: 2017-01-07T17:29:12.717568606-02:00
imports:
- name: github.com/caarlos0/spin
  version: f1f63cceace559408b09577f25210edb9b2215c3
- name: github.com/golang/protobuf
  version: 8ee79997227bf9b34611aee7946ae64735e6fd93
  subpackages:
  - proto
- name: github.com/google/go-github
  version: 90861904aa86352a956f91ba0664df93a3547584
  subpackages:
  - github
- name: github.com/google/go-querystring
  version: 9235644dd9e52eeae6fa48efd539fdc351a0af53
  subpackages:
  - query
- name: github.com/urfave/cli
  version: 0bdeddeeb0f650497d603c4ad7b20cfe685682f6
- name: golang.org/x/net
  version: 8fd7f25955530b92e73e9e1932a41b522b22ccd9
  subpackages:
  - context
- name: golang.org/x/oauth2
  version: 314dd2c0bf3ebd592ec0d20847d27e79d0dbe8dd
  subpackages:
  - internal
- name: google.golang.org/appengine
  version: 08a149cfaee099e6ce4be01c0113a78c85ee1dee
  subpackages:
  - internal
  - internal/base
  - internal/datastore
  - internal/log
  - internal/remote_api
  - internal/urlfetch
  - urlfetch
testImports: []
